<?xml version="1.0" encoding="utf-8"?>
<Project ToolsVersion="4.0" xmlns="http://schemas.microsoft.com/developer/msbuild/2003">
  <ItemGroup>
    <Filter Include="Source Files">
      <UniqueIdentifier>{4FC737F1-C7A5-4376-A066-2A32D752A2FF}</UniqueIdentifier>
      <Extensions>cpp;c;cc;cxx;def;odl;idl;hpj;bat;asm;asmx</Extensions>
    </Filter>
    <Filter Include="Header Files">
      <UniqueIdentifier>{93995380-89BD-4b04-88EB-625FBE52EBFB}</UniqueIdentifier>
      <Extensions>h;hh;hpp;hxx;hm;inl;inc;xsd</Extensions>
    </Filter>
    <Filter Include="Resource Files">
      <UniqueIdentifier>{67DA6AB6-F800-4c08-8B7A-83BB121AAD01}</UniqueIdentifier>
      <Extensions>rc;ico;cur;bmp;dlg;rc2;rct;bin;rgs;gif;jpg;jpeg;jpe;resx;tiff;tif;png;wav;mfcribbon-ms</Extensions>
    </Filter>
    <Filter Include="Header Files\Decisions">
      <UniqueIdentifier>{b8897906-d2c8-4876-914c-9188024bf017}</UniqueIdentifier>
    </Filter>
    <Filter Include="Header Files\aStar">
      <UniqueIdentifier>{476812af-df16-4eb1-bf6f-993a334fa5de}</UniqueIdentifier>
    </Filter>
    <Filter Include="Header Files\ContainerClasses">
      <UniqueIdentifier>{bd97081e-a283-42e3-ac0d-5a272d7ba636}</UniqueIdentifier>
    </Filter>
    <Filter Include="Header Files\Entities">
      <UniqueIdentifier>{feeb4b6a-36ee-45df-ae42-6abee557fc56}</UniqueIdentifier>
    </Filter>
    <Filter Include="Header Files\States">
      <UniqueIdentifier>{2afa9d01-1ebd-4021-97da-123dec151665}</UniqueIdentifier>
    </Filter>
    <Filter Include="Source Files\DecisionTree">
      <UniqueIdentifier>{b21e73a8-ebe2-4b0a-9098-f08885940313}</UniqueIdentifier>
    </Filter>
    <Filter Include="Source Files\States">
      <UniqueIdentifier>{9d758061-f463-478c-b071-9e7ff0acd306}</UniqueIdentifier>
    </Filter>
    <Filter Include="Source Files\Entitiy">
      <UniqueIdentifier>{56eb15fe-6852-4044-a735-02bb4209ee6e}</UniqueIdentifier>
    </Filter>
    <Filter Include="Source Files\Base">
      <UniqueIdentifier>{a2a6eaa4-1884-45f4-9ec5-7cdd00d78832}</UniqueIdentifier>
    </Filter>
  </ItemGroup>
  <ItemGroup>
    <ClCompile Include="DecisionTreeClass.cpp">
      <Filter>Source Files\DecisionTree</Filter>
    </ClCompile>
    <ClCompile Include="DecisionButtonPressed.cpp">
      <Filter>Source Files\DecisionTree</Filter>
    </ClCompile>
    <ClCompile Include="StateMove.cpp">
      <Filter>Source Files\States</Filter>
    </ClCompile>
    <ClCompile Include="StateMachine.cpp">
      <Filter>Source Files\States</Filter>
    </ClCompile>
    <ClCompile Include="Patrol.cpp">
      <Filter>Source Files\States</Filter>
    </ClCompile>
    <ClCompile Include="Idle.cpp">
      <Filter>Source Files\States</Filter>
    </ClCompile>
    <ClCompile Include="Flee.cpp">
      <Filter>Source Files\States</Filter>
    </ClCompile>
    <ClCompile Include="Seek.cpp">
      <Filter>Source Files\States</Filter>
    </ClCompile>
    <ClCompile Include="Player.cpp">
      <Filter>Source Files\Entitiy</Filter>
    </ClCompile>
    <ClCompile Include="FollowAgent.cpp">
      <Filter>Source Files\Entitiy</Filter>
    </ClCompile>
    <ClCompile Include="Collider2D.cpp">
      <Filter>Source Files\Entitiy</Filter>
    </ClCompile>
    <ClCompile Include="AI.cpp">
      <Filter>Source Files\Entitiy</Filter>
    </ClCompile>
    <ClCompile Include="main.cpp">
      <Filter>Source Files\Base</Filter>
    </ClCompile>
    <ClCompile Include="Application2D.cpp">
      <Filter>Source Files\Base</Filter>
    </ClCompile>
    <ClCompile Include="AStar.cpp">
      <Filter>Source Files\Base</Filter>
    </ClCompile>
    <ClCompile Include="Grid.cpp">
      <Filter>Source Files\Base</Filter>
    </ClCompile>
    <ClCompile Include="DecisionAgent.cpp">
      <Filter>Source Files\Entitiy</Filter>
    </ClCompile>
    <ClCompile Include="DecisionFlee.cpp">
      <Filter>Source Files\DecisionTree</Filter>
    </ClCompile>
    <ClCompile Include="DecisionSeek.cpp">
      <Filter>Source Files\DecisionTree</Filter>
    </ClCompile>
    <ClCompile Include="Follow.cpp">
      <Filter>Source Files\States</Filter>
    </ClCompile>
    <ClCompile Include="PatrolAgent.cpp">
      <Filter>Source Files\Entitiy</Filter>
    </ClCompile>
  </ItemGroup>
  <ItemGroup>
    <ClInclude Include="Application2D.h">
      <Filter>Header Files</Filter>
    </ClInclude>
    <ClInclude Include="DecisionButtonPressed.h">
      <Filter>Header Files\Decisions</Filter>
    </ClInclude>
    <ClInclude Include="DecisionQuestion.h">
      <Filter>Header Files\Decisions</Filter>
    </ClInclude>
    <ClInclude Include="DecisionTreeClass.h">
      <Filter>Header Files\Decisions</Filter>
    </ClInclude>
    <ClInclude Include="AStar.h">
      <Filter>Header Files\aStar</Filter>
    </ClInclude>
    <ClInclude Include="aStarHeap.h">
      <Filter>Header Files\aStar</Filter>
    </ClInclude>
    <ClInclude Include="aStarNode.h">
      <Filter>Header Files\aStar</Filter>
    </ClInclude>
    <ClInclude Include="BaseDecision.h">
      <Filter>Header Files\Decisions</Filter>
    </ClInclude>
    <ClInclude Include="StateMachine.h">
      <Filter>Header Files\ContainerClasses</Filter>
    </ClInclude>
    <ClInclude Include="State.h">
      <Filter>Header Files\ContainerClasses</Filter>
    </ClInclude>
    <ClInclude Include="GridNode.h">
      <Filter>Header Files\aStar</Filter>
    </ClInclude>
    <ClInclude Include="Grid.h">
      <Filter>Header Files\aStar</Filter>
    </ClInclude>
    <ClInclude Include="Heap.h">
      <Filter>Header Files\ContainerClasses</Filter>
    </ClInclude>
    <ClInclude Include="Collider2D.h">
      <Filter>Header Files\ContainerClasses</Filter>
    </ClInclude>
    <ClInclude Include="Defines.h">
      <Filter>Header Files\aStar</Filter>
    </ClInclude>
    <ClInclude Include="Entity.h">
      <Filter>Header Files\Entities</Filter>
    </ClInclude>
    <ClInclude Include="Player.h">
      <Filter>Header Files\Entities</Filter>
    </ClInclude>
    <ClInclude Include="FollowAgent.h">
      <Filter>Header Files\Entities</Filter>
    </ClInclude>
    <ClInclude Include="Agent.h">
      <Filter>Header Files\Entities</Filter>
    </ClInclude>
    <ClInclude Include="BehaviourNode.h">
      <Filter>Header Files\Decisions</Filter>
    </ClInclude>
    <ClInclude Include="Composite.h">
      <Filter>Header Files\Decisions</Filter>
    </ClInclude>
    <ClInclude Include="Idle.h">
      <Filter>Header Files\States</Filter>
    </ClInclude>
    <ClInclude Include="AI.h">
      <Filter>Header Files\Entities</Filter>
    </ClInclude>
    <ClInclude Include="IBehaviour.h">
      <Filter>Header Files\aStar</Filter>
    </ClInclude>
    <ClInclude Include="Patrol.h">
      <Filter>Header Files\States</Filter>
    </ClInclude>
    <ClInclude Include="Flee.h">
      <Filter>Header Files\States</Filter>
    </ClInclude>
    <ClInclude Include="Seek.h">
      <Filter>Header Files\States</Filter>
    </ClInclude>
    <ClInclude Include="StateMove.h">
      <Filter>Header Files\States</Filter>
    </ClInclude>
    <ClInclude Include="DecisionAgent.h">
      <Filter>Header Files\Entities</Filter>
    </ClInclude>
    <ClInclude Include="DecisionSeek.h">
      <Filter>Header Files\Decisions</Filter>
    </ClInclude>
    <ClInclude Include="DecisionFlee.h">
      <Filter>Header Files\Decisions</Filter>
    </ClInclude>
    <ClInclude Include="PatrolAgent.h">
      <Filter>Header Files\Entities</Filter>
    </ClInclude>
    <ClInclude Include="Follow.h">
      <Filter>Header Files\States</Filter>
    </ClInclude>
  </ItemGroup>
</Project>